
Microsoft Visual Studio Solution File, Format Version 12.00
# Visual Studio Version 17
VisualStudioVersion = 17.1.32421.90
MinimumVisualStudioVersion = 10.0.40219.1
Project("{FAE04EC0-301F-11D3-BF4B-00C04F79EFBC}") = "DigitalCity.ASPNET.Validation", "DigitalCity.ASPNET.Validation\DigitalCity.ASPNET.Validation.csproj", "{59C4162A-D003-43E3-9424-759A2421B7AD}"
EndProject
Global
	GlobalSection(SolutionConfigurationPlatforms) = preSolution
		Debug|Any CPU = Debug|Any CPU
		Release|Any CPU = Release|Any CPU
	EndGlobalSection
	GlobalSection(ProjectConfigurationPlatforms) = postSolution
		{59C4162A-D003-43E3-9424-759A2421B7AD}.Debug|Any CPU.ActiveCfg = Debug|Any CPU
		{59C4162A-D003-43E3-9424-759A2421B7AD}.Debug|Any CPU.Build.0 = Debug|Any CPU
		{59C4162A-D003-43E3-9424-759A2421B7AD}.Release|Any CPU.ActiveCfg = Release|Any CPU
		{59C4162A-D003-43E3-9424-759A2421B7AD}.Release|Any CPU.Build.0 = Release|Any CPU
	EndGlobalSection
	GlobalSection(SolutionProperties) = preSolution
		HideSolutionNode = FALSE
	EndGlobalSection
	GlobalSection(ExtensibilityGlobals) = postSolution
		SolutionGuid = {0670F026-B50C-4E78-B5E3-B84970DCA440}
	EndGlobalSection
EndGlobal
